
Microsoft Visual Studio Solution File, Format Version 12.00
# Visual Studio 2012
Project("{FAE04EC0-301F-11D3-BF4B-00C04F79EFBC}") = "LRUCache.Implementation", "LRUCache\LRUCache.Implementation.csproj", "{63936DC4-6D85-4B24-A522-A4D097631E3B}"
EndProject
Project("{FAE04EC0-301F-11D3-BF4B-00C04F79EFBC}") = "LRUCache.Demo", "LRUCache.Demo\LRUCache.Demo.csproj", "{DFF19E14-2BF2-4812-BC11-E7CCEF7FE872}"
EndProject
Global
	GlobalSection(SolutionConfigurationPlatforms) = preSolution
		Debug|Any CPU = Debug|Any CPU
		Release|Any CPU = Release|Any CPU
	EndGlobalSection
	GlobalSection(ProjectConfigurationPlatforms) = postSolution
		{63936DC4-6D85-4B24-A522-A4D097631E3B}.Debug|Any CPU.ActiveCfg = Debug|Any CPU
		{63936DC4-6D85-4B24-A522-A4D097631E3B}.Debug|Any CPU.Build.0 = Debug|Any CPU
		{63936DC4-6D85-4B24-A522-A4D097631E3B}.Release|Any CPU.ActiveCfg = Release|Any CPU
		{63936DC4-6D85-4B24-A522-A4D097631E3B}.Release|Any CPU.Build.0 = Release|Any CPU
		{DFF19E14-2BF2-4812-BC11-E7CCEF7FE872}.Debug|Any CPU.ActiveCfg = Debug|Any CPU
		{DFF19E14-2BF2-4812-BC11-E7CCEF7FE872}.Debug|Any CPU.Build.0 = Debug|Any CPU
		{DFF19E14-2BF2-4812-BC11-E7CCEF7FE872}.Release|Any CPU.ActiveCfg = Release|Any CPU
		{DFF19E14-2BF2-4812-BC11-E7CCEF7FE872}.Release|Any CPU.Build.0 = Release|Any CPU
	EndGlobalSection
	GlobalSection(SolutionProperties) = preSolution
		HideSolutionNode = FALSE
	EndGlobalSection
EndGlobal
